
Microsoft Visual Studio Solution File, Format Version 12.00
# Visual Studio Version 16
VisualStudioVersion = 16.0.29009.5
MinimumVisualStudioVersion = 10.0.40219.1
Project("{FAE04EC0-301F-11D3-BF4B-00C04F79EFBC}") = "Projekt1_CRM_MN_PWr", "Projekt1_CRM_MN_PWr.csproj", "{2191B8C3-796C-4A0E-BD4B-D188E236C06C}"
EndProject
Global
	GlobalSection(SolutionConfigurationPlatforms) = preSolution
		Debug|Any CPU = Debug|Any CPU
		Release|Any CPU = Release|Any CPU
	EndGlobalSection
	GlobalSection(ProjectConfigurationPlatforms) = postSolution
		{2191B8C3-796C-4A0E-BD4B-D188E236C06C}.Debug|Any CPU.ActiveCfg = Debug|Any CPU
		{2191B8C3-796C-4A0E-BD4B-D188E236C06C}.Debug|Any CPU.Build.0 = Debug|Any CPU
		{2191B8C3-796C-4A0E-BD4B-D188E236C06C}.Release|Any CPU.ActiveCfg = Release|Any CPU
		{2191B8C3-796C-4A0E-BD4B-D188E236C06C}.Release|Any CPU.Build.0 = Release|Any CPU
	EndGlobalSection
	GlobalSection(SolutionProperties) = preSolution
		HideSolutionNode = FALSE
	EndGlobalSection
	GlobalSection(ExtensibilityGlobals) = postSolution
		SolutionGuid = {FD81E9FD-97B1-4C2E-BD94-2CFED22C2131}
	EndGlobalSection
EndGlobal
